
Microsoft Visual Studio Solution File, Format Version 12.00
# Visual Studio Version 17
VisualStudioVersion = 17.11.35312.102
MinimumVisualStudioVersion = 10.0.40219.1
Project("{FAE04EC0-301F-11D3-BF4B-00C04F79EFBC}") = "22_103k_Nazarov_2variant", "22_103k_Nazarov_2variant\22_103k_Nazarov_2variant.csproj", "{66A452D1-2E56-42D1-8FBD-4BDAE71D4C44}"
EndProject
Global
	GlobalSection(SolutionConfigurationPlatforms) = preSolution
		Debug|Any CPU = Debug|Any CPU
		Release|Any CPU = Release|Any CPU
	EndGlobalSection
	GlobalSection(ProjectConfigurationPlatforms) = postSolution
		{66A452D1-2E56-42D1-8FBD-4BDAE71D4C44}.Debug|Any CPU.ActiveCfg = Debug|Any CPU
		{66A452D1-2E56-42D1-8FBD-4BDAE71D4C44}.Debug|Any CPU.Build.0 = Debug|Any CPU
		{66A452D1-2E56-42D1-8FBD-4BDAE71D4C44}.Release|Any CPU.ActiveCfg = Release|Any CPU
		{66A452D1-2E56-42D1-8FBD-4BDAE71D4C44}.Release|Any CPU.Build.0 = Release|Any CPU
	EndGlobalSection
	GlobalSection(SolutionProperties) = preSolution
		HideSolutionNode = FALSE
	EndGlobalSection
	GlobalSection(ExtensibilityGlobals) = postSolution
		SolutionGuid = {FFB2935F-E046-42F0-BE95-3F0DEA75C5EF}
	EndGlobalSection
EndGlobal
